
Microsoft Visual Studio Solution File, Format Version 12.00
# Visual Studio Version 17
VisualStudioVersion = 17.6.33829.357
MinimumVisualStudioVersion = 10.0.40219.1
Project("{FAE04EC0-301F-11D3-BF4B-00C04F79EFBC}") = "ManuDeProgramas", "ManuDeProgramas\ManuDeProgramas.csproj", "{85B771C5-42CC-49F8-92F6-359E28869CB5}"
EndProject
Global
	GlobalSection(SolutionConfigurationPlatforms) = preSolution
		Debug|Any CPU = Debug|Any CPU
		Release|Any CPU = Release|Any CPU
	EndGlobalSection
	GlobalSection(ProjectConfigurationPlatforms) = postSolution
		{85B771C5-42CC-49F8-92F6-359E28869CB5}.Debug|Any CPU.ActiveCfg = Debug|Any CPU
		{85B771C5-42CC-49F8-92F6-359E28869CB5}.Debug|Any CPU.Build.0 = Debug|Any CPU
		{85B771C5-42CC-49F8-92F6-359E28869CB5}.Release|Any CPU.ActiveCfg = Release|Any CPU
		{85B771C5-42CC-49F8-92F6-359E28869CB5}.Release|Any CPU.Build.0 = Release|Any CPU
	EndGlobalSection
	GlobalSection(SolutionProperties) = preSolution
		HideSolutionNode = FALSE
	EndGlobalSection
	GlobalSection(ExtensibilityGlobals) = postSolution
		SolutionGuid = {15FF4EF1-36D6-4FFD-91CA-E303BF257732}
	EndGlobalSection
EndGlobal
